
Microsoft Visual Studio Solution File, Format Version 12.00
# Visual Studio 15
VisualStudioVersion = 15.0.28307.852
MinimumVisualStudioVersion = 10.0.40219.1
Project("{FAE04EC0-301F-11D3-BF4B-00C04F79EFBC}") = "ApsHgBrasilWeather", "ApsHgBrasilWeather\ApsHgBrasilWeather.csproj", "{0732066E-85CF-4956-9271-137609B763DE}"
EndProject
Project("{FAE04EC0-301F-11D3-BF4B-00C04F79EFBC}") = "ApsHgBrasilWeather.Lib", "ApsHgBrasilWeather.Lib\ApsHgBrasilWeather.Lib.csproj", "{87A8AA3B-EB38-44F7-BF19-550889E8EB16}"
EndProject
Project("{FAE04EC0-301F-11D3-BF4B-00C04F79EFBC}") = "ApsHgBrasilWeather.Resource", "ApsHgBrasilWeather.Resource\ApsHgBrasilWeather.Resource.csproj", "{EB816730-0C93-4D47-A49B-4A47F3C4B626}"
EndProject
Global
	GlobalSection(SolutionConfigurationPlatforms) = preSolution
		Debug|Any CPU = Debug|Any CPU
		Release|Any CPU = Release|Any CPU
	EndGlobalSection
	GlobalSection(ProjectConfigurationPlatforms) = postSolution
		{0732066E-85CF-4956-9271-137609B763DE}.Debug|Any CPU.ActiveCfg = Debug|Any CPU
		{0732066E-85CF-4956-9271-137609B763DE}.Debug|Any CPU.Build.0 = Debug|Any CPU
		{0732066E-85CF-4956-9271-137609B763DE}.Release|Any CPU.ActiveCfg = Release|Any CPU
		{0732066E-85CF-4956-9271-137609B763DE}.Release|Any CPU.Build.0 = Release|Any CPU
		{87A8AA3B-EB38-44F7-BF19-550889E8EB16}.Debug|Any CPU.ActiveCfg = Debug|Any CPU
		{87A8AA3B-EB38-44F7-BF19-550889E8EB16}.Debug|Any CPU.Build.0 = Debug|Any CPU
		{87A8AA3B-EB38-44F7-BF19-550889E8EB16}.Release|Any CPU.ActiveCfg = Release|Any CPU
		{87A8AA3B-EB38-44F7-BF19-550889E8EB16}.Release|Any CPU.Build.0 = Release|Any CPU
		{EB816730-0C93-4D47-A49B-4A47F3C4B626}.Debug|Any CPU.ActiveCfg = Debug|Any CPU
		{EB816730-0C93-4D47-A49B-4A47F3C4B626}.Debug|Any CPU.Build.0 = Debug|Any CPU
		{EB816730-0C93-4D47-A49B-4A47F3C4B626}.Release|Any CPU.ActiveCfg = Release|Any CPU
		{EB816730-0C93-4D47-A49B-4A47F3C4B626}.Release|Any CPU.Build.0 = Release|Any CPU
	EndGlobalSection
	GlobalSection(SolutionProperties) = preSolution
		HideSolutionNode = FALSE
	EndGlobalSection
	GlobalSection(ExtensibilityGlobals) = postSolution
		SolutionGuid = {11BD87E2-93B1-4BB3-A2F4-641CC8BB59BB}
	EndGlobalSection
EndGlobal
